
Microsoft Visual Studio Solution File, Format Version 11.00
# Visual Studio 2010
Project("{FAE04EC0-301F-11D3-BF4B-00C04F79EFBC}") = "MasterMind", "MasterMind\MasterMind.csproj", "{44459C6A-8D71-4DF6-BBB5-883C91C3FD57}"
EndProject
Project("{FAE04EC0-301F-11D3-BF4B-00C04F79EFBC}") = "MasterMind.Tests", "MasterMind.Tests\MasterMind.Tests.csproj", "{5D8369E2-35F0-4EDA-804A-D10BA211E3A4}"
EndProject
Global
	GlobalSection(SolutionConfigurationPlatforms) = preSolution
		Debug|Any CPU = Debug|Any CPU
		Release|Any CPU = Release|Any CPU
	EndGlobalSection
	GlobalSection(ProjectConfigurationPlatforms) = postSolution
		{44459C6A-8D71-4DF6-BBB5-883C91C3FD57}.Debug|Any CPU.ActiveCfg = Debug|Any CPU
		{44459C6A-8D71-4DF6-BBB5-883C91C3FD57}.Debug|Any CPU.Build.0 = Debug|Any CPU
		{44459C6A-8D71-4DF6-BBB5-883C91C3FD57}.Release|Any CPU.ActiveCfg = Release|Any CPU
		{44459C6A-8D71-4DF6-BBB5-883C91C3FD57}.Release|Any CPU.Build.0 = Release|Any CPU
		{5D8369E2-35F0-4EDA-804A-D10BA211E3A4}.Debug|Any CPU.ActiveCfg = Debug|Any CPU
		{5D8369E2-35F0-4EDA-804A-D10BA211E3A4}.Debug|Any CPU.Build.0 = Debug|Any CPU
		{5D8369E2-35F0-4EDA-804A-D10BA211E3A4}.Release|Any CPU.ActiveCfg = Release|Any CPU
		{5D8369E2-35F0-4EDA-804A-D10BA211E3A4}.Release|Any CPU.Build.0 = Release|Any CPU
	EndGlobalSection
	GlobalSection(SolutionProperties) = preSolution
		HideSolutionNode = FALSE
	EndGlobalSection
EndGlobal
